
Microsoft Visual Studio Solution File, Format Version 12.00
# Visual Studio Version 16
VisualStudioVersion = 16.0.30907.101
MinimumVisualStudioVersion = 10.0.40219.1
Project("{FAE04EC0-301F-11D3-BF4B-00C04F79EFBC}") = "CraSampleApp", "CraSampleApp\CraSampleApp.csproj", "{B20A85CE-A8C1-4405-BCB5-406D2DD7B66E}"
EndProject
Project("{FAE04EC0-301F-11D3-BF4B-00C04F79EFBC}") = "CraSampleApp.Entity", "CraSampleApp.Entity\CraSampleApp.Entity.csproj", "{59DEE02D-93B0-4C81-B952-63B9BB2E10AF}"
EndProject
Project("{FAE04EC0-301F-11D3-BF4B-00C04F79EFBC}") = "CraSampleApp.Domain", "CraSampleApp.Domain\CraSampleApp.Domain.csproj", "{C110418D-77F3-42E7-BC45-D18189F992EB}"
EndProject
Global
	GlobalSection(SolutionConfigurationPlatforms) = preSolution
		Debug|Any CPU = Debug|Any CPU
		Release|Any CPU = Release|Any CPU
	EndGlobalSection
	GlobalSection(ProjectConfigurationPlatforms) = postSolution
		{B20A85CE-A8C1-4405-BCB5-406D2DD7B66E}.Debug|Any CPU.ActiveCfg = Debug|Any CPU
		{B20A85CE-A8C1-4405-BCB5-406D2DD7B66E}.Debug|Any CPU.Build.0 = Debug|Any CPU
		{B20A85CE-A8C1-4405-BCB5-406D2DD7B66E}.Release|Any CPU.ActiveCfg = Release|Any CPU
		{B20A85CE-A8C1-4405-BCB5-406D2DD7B66E}.Release|Any CPU.Build.0 = Release|Any CPU
		{59DEE02D-93B0-4C81-B952-63B9BB2E10AF}.Debug|Any CPU.ActiveCfg = Debug|Any CPU
		{59DEE02D-93B0-4C81-B952-63B9BB2E10AF}.Debug|Any CPU.Build.0 = Debug|Any CPU
		{59DEE02D-93B0-4C81-B952-63B9BB2E10AF}.Release|Any CPU.ActiveCfg = Release|Any CPU
		{59DEE02D-93B0-4C81-B952-63B9BB2E10AF}.Release|Any CPU.Build.0 = Release|Any CPU
		{C110418D-77F3-42E7-BC45-D18189F992EB}.Debug|Any CPU.ActiveCfg = Debug|Any CPU
		{C110418D-77F3-42E7-BC45-D18189F992EB}.Debug|Any CPU.Build.0 = Debug|Any CPU
		{C110418D-77F3-42E7-BC45-D18189F992EB}.Release|Any CPU.ActiveCfg = Release|Any CPU
		{C110418D-77F3-42E7-BC45-D18189F992EB}.Release|Any CPU.Build.0 = Release|Any CPU
	EndGlobalSection
	GlobalSection(SolutionProperties) = preSolution
		HideSolutionNode = FALSE
	EndGlobalSection
	GlobalSection(ExtensibilityGlobals) = postSolution
		SolutionGuid = {8448BDE1-89EB-4631-ACD0-81970CE13A1E}
	EndGlobalSection
EndGlobal
